
Microsoft Visual Studio Solution File, Format Version 12.00
# Visual Studio 15
VisualStudioVersion = 15.0.27130.2010
MinimumVisualStudioVersion = 10.0.40219.1
Project("{FAE04EC0-301F-11D3-BF4B-00C04F79EFBC}") = "GUI-CPU-Stresser", "GUI-CPU-Stresser\GUI-CPU-Stresser.csproj", "{E59342AB-5DDB-46AD-A0B9-1AA0DB3E6CFB}"
EndProject
Global
	GlobalSection(SolutionConfigurationPlatforms) = preSolution
		Debug|Any CPU = Debug|Any CPU
		Release|Any CPU = Release|Any CPU
	EndGlobalSection
	GlobalSection(ProjectConfigurationPlatforms) = postSolution
		{E59342AB-5DDB-46AD-A0B9-1AA0DB3E6CFB}.Debug|Any CPU.ActiveCfg = Debug|Any CPU
		{E59342AB-5DDB-46AD-A0B9-1AA0DB3E6CFB}.Debug|Any CPU.Build.0 = Debug|Any CPU
		{E59342AB-5DDB-46AD-A0B9-1AA0DB3E6CFB}.Release|Any CPU.ActiveCfg = Release|Any CPU
		{E59342AB-5DDB-46AD-A0B9-1AA0DB3E6CFB}.Release|Any CPU.Build.0 = Release|Any CPU
	EndGlobalSection
	GlobalSection(SolutionProperties) = preSolution
		HideSolutionNode = FALSE
	EndGlobalSection
	GlobalSection(ExtensibilityGlobals) = postSolution
		SolutionGuid = {061C1DF2-F2C3-4597-89BC-AE6B8152688D}
	EndGlobalSection
EndGlobal
